// !$*UTF8*$!
{
	archiveVersion = 1;
	classes = {
	};
	objectVersion = 46;
	objects = {

/* Begin PBXBuildFile section */
		1D3623260D0F684500981E51 /* AppDelegate.m in Sources */ = {isa = PBXBuildFile; fileRef = 1D3623250D0F684500981E51 /* AppDelegate.m */; };
		1D60589B0D05DD56006BFB54 /* main.m in Sources */ = {isa = PBXBuildFile; fileRef = 29B97316FDCFA39411CA2CEA /* main.m */; };
		1D60589F0D05DD5A006BFB54 /* Foundation.framework in Frameworks */ = {isa = PBXBuildFile; fileRef = 1D30AB110D05D00D00671497 /* Foundation.framework */; };
		1DF5F4E00D08C38300B7A737 /* UIKit.framework in Frameworks */ = {isa = PBXBuildFile; fileRef = 1DF5F4DF0D08C38300B7A737 /* UIKit.framework */; settings = {ATTRIBUTES = (Weak, ); }; };
		1F766FE113BBADB100FB74C0 /* Localizable.strings in Resources */ = {isa = PBXBuildFile; fileRef = 1F766FDC13BBADB100FB74C0 /* Localizable.strings */; };
		1F766FE213BBADB100FB74C0 /* Localizable.strings in Resources */ = {isa = PBXBuildFile; fileRef = 1F766FDF13BBADB100FB74C0 /* Localizable.strings */; };
		288765FD0DF74451002DB57D /* CoreGraphics.framework in Frameworks */ = {isa = PBXBuildFile; fileRef = 288765FC0DF74451002DB57D /* CoreGraphics.framework */; };
		301BF552109A68D80062928A /* libCordova.a in Frameworks */ = {isa = PBXBuildFile; fileRef = 301BF535109A57CC0062928A /* libCordova.a */; };
		301BF5B5109A6A2B0062928A /* AddressBook.framework in Frameworks */ = {isa = PBXBuildFile; fileRef = 301BF5B4109A6A2B0062928A /* AddressBook.framework */; };
		301BF5B7109A6A2B0062928A /* AddressBookUI.framework in Frameworks */ = {isa = PBXBuildFile; fileRef = 301BF5B6109A6A2B0062928A /* AddressBookUI.framework */; };
		301BF5B9109A6A2B0062928A /* AudioToolbox.framework in Frameworks */ = {isa = PBXBuildFile; fileRef = 301BF5B8109A6A2B0062928A /* AudioToolbox.framework */; };
		301BF5BB109A6A2B0062928A /* AVFoundation.framework in Frameworks */ = {isa = PBXBuildFile; fileRef = 301BF5BA109A6A2B0062928A /* AVFoundation.framework */; settings = {ATTRIBUTES = (Weak, ); }; };
		301BF5BD109A6A2B0062928A /* CFNetwork.framework in Frameworks */ = {isa = PBXBuildFile; fileRef = 301BF5BC109A6A2B0062928A /* CFNetwork.framework */; };
		301BF5BF109A6A2B0062928A /* CoreLocation.framework in Frameworks */ = {isa = PBXBuildFile; fileRef = 301BF5BE109A6A2B0062928A /* CoreLocation.framework */; };
		301BF5C1109A6A2B0062928A /* MediaPlayer.framework in Frameworks */ = {isa = PBXBuildFile; fileRef = 301BF5C0109A6A2B0062928A /* MediaPlayer.framework */; };
		301BF5C3109A6A2B0062928A /* QuartzCore.framework in Frameworks */ = {isa = PBXBuildFile; fileRef = 301BF5C2109A6A2B0062928A /* QuartzCore.framework */; };
		302D95F114D2391D003F00A1 /* MainViewController.m in Sources */ = {isa = PBXBuildFile; fileRef = 302D95EF14D2391D003F00A1 /* MainViewController.m */; };
		302D95F214D2391D003F00A1 /* MainViewController.xib in Resources */ = {isa = PBXBuildFile; fileRef = 302D95F014D2391D003F00A1 /* MainViewController.xib */; };
		305D5FD1115AB8F900A74A75 /* MobileCoreServices.framework in Frameworks */ = {isa = PBXBuildFile; fileRef = 305D5FD0115AB8F900A74A75 /* MobileCoreServices.framework */; };
		3072F99713A8081B00425683 /* Capture.bundle in Resources */ = {isa = PBXBuildFile; fileRef = 3072F99613A8081B00425683 /* Capture.bundle */; };
		3088BBBD154F3926009F9C59 /* Default-Landscape@2x~ipad.png in Resources */ = {isa = PBXBuildFile; fileRef = 3088BBB7154F3926009F9C59 /* Default-Landscape@2x~ipad.png */; };
		3088BBBE154F3926009F9C59 /* Default-Landscape~ipad.png in Resources */ = {isa = PBXBuildFile; fileRef = 3088BBB8154F3926009F9C59 /* Default-Landscape~ipad.png */; };
		3088BBBF154F3926009F9C59 /* Default-Portrait@2x~ipad.png in Resources */ = {isa = PBXBuildFile; fileRef = 3088BBB9154F3926009F9C59 /* Default-Portrait@2x~ipad.png */; };
		3088BBC0154F3926009F9C59 /* Default-Portrait~ipad.png in Resources */ = {isa = PBXBuildFile; fileRef = 3088BBBA154F3926009F9C59 /* Default-Portrait~ipad.png */; };
		3088BBC1154F3926009F9C59 /* Default@2x~iphone.png in Resources */ = {isa = PBXBuildFile; fileRef = 3088BBBB154F3926009F9C59 /* Default@2x~iphone.png */; };
		3088BBC2154F3926009F9C59 /* Default~iphone.png in Resources */ = {isa = PBXBuildFile; fileRef = 3088BBBC154F3926009F9C59 /* Default~iphone.png */; };
		308D05371370CCF300D202BF /* icon-72.png in Resources */ = {isa = PBXBuildFile; fileRef = 308D052E1370CCF300D202BF /* icon-72.png */; };
		308D05381370CCF300D202BF /* icon.png in Resources */ = {isa = PBXBuildFile; fileRef = 308D052F1370CCF300D202BF /* icon.png */; };
		308D05391370CCF300D202BF /* icon@2x.png in Resources */ = {isa = PBXBuildFile; fileRef = 308D05301370CCF300D202BF /* icon@2x.png */; };
		30A0434814DC770100060A13 /* Localizable.strings in Resources */ = {isa = PBXBuildFile; fileRef = 30A0434314DC770100060A13 /* Localizable.strings */; };
		30A0434914DC770100060A13 /* Localizable.strings in Resources */ = {isa = PBXBuildFile; fileRef = 30A0434614DC770100060A13 /* Localizable.strings */; };
		30E5649213A7FCAF007403D8 /* CoreMedia.framework in Frameworks */ = {isa = PBXBuildFile; fileRef = 30E5649113A7FCAF007403D8 /* CoreMedia.framework */; settings = {ATTRIBUTES = (Weak, ); }; };
		D4A0D8761607E02300AEF8BB /* Default-568h@2x~iphone.png in Resources */ = {isa = PBXBuildFile; fileRef = D4A0D8751607E02300AEF8BB /* Default-568h@2x~iphone.png */; };
		F6C7C16616AF8E3A009965DE /* www in Resources */ = {isa = PBXBuildFile; fileRef = F6C7C16516AF8E3A009965DE /* www */; };
		F6C7C1E216AF9061009965DE /* libChartboost.a in Frameworks */ = {isa = PBXBuildFile; fileRef = F6C7C17516AF9060009965DE /* libChartboost.a */; };
		F6C7C1E316AF9061009965DE /* README.md in Resources */ = {isa = PBXBuildFile; fileRef = F6C7C17616AF9060009965DE /* README.md */; };
		F6C7C1E416AF9061009965DE /* libGoogleAdMobAds.a in Frameworks */ = {isa = PBXBuildFile; fileRef = F6C7C19516AF9060009965DE /* libGoogleAdMobAds.a */; };
		F6C7C1E516AF9061009965DE /* README.txt in Resources */ = {isa = PBXBuildFile; fileRef = F6C7C19616AF9060009965DE /* README.txt */; };
		F6C7C1E616AF9061009965DE /* ChangeLog.txt in Resources */ = {isa = PBXBuildFile; fileRef = F6C7C19816AF9060009965DE /* ChangeLog.txt */; };
		F6C7C1E716AF9061009965DE /* libInMobiAdTracker-2.5.1.a in Frameworks */ = {isa = PBXBuildFile; fileRef = F6C7C1A016AF9060009965DE /* libInMobiAdTracker-2.5.1.a */; };
		F6C7C1E816AF9061009965DE /* libInMobiCommons-3.6.1.a in Frameworks */ = {isa = PBXBuildFile; fileRef = F6C7C1A116AF9060009965DE /* libInMobiCommons-3.6.1.a */; };
		F6C7C1E916AF9061009965DE /* JumpTapAppReport.m in Sources */ = {isa = PBXBuildFile; fileRef = F6C7C1A916AF9060009965DE /* JumpTapAppReport.m */; };
		F6C7C1EA16AF9061009965DE /* Kontagent.framework in Frameworks */ = {isa = PBXBuildFile; fileRef = F6C7C1AB16AF9060009965DE /* Kontagent.framework */; };
		F6C7C1EB16AF9061009965DE /* LICENSE in Resources */ = {isa = PBXBuildFile; fileRef = F6C7C1AD16AF9061009965DE /* LICENSE */; };
		F6C7C1EC16AF9061009965DE /* LocalyticsDatabase.m in Sources */ = {isa = PBXBuildFile; fileRef = F6C7C1B016AF9061009965DE /* LocalyticsDatabase.m */; };
		F6C7C1ED16AF9061009965DE /* LocalyticsSession.m in Sources */ = {isa = PBXBuildFile; fileRef = F6C7C1B216AF9061009965DE /* LocalyticsSession.m */; };
		F6C7C1EE16AF9061009965DE /* LocalyticsUploader.m in Sources */ = {isa = PBXBuildFile; fileRef = F6C7C1B416AF9061009965DE /* LocalyticsUploader.m */; };
		F6C7C1EF16AF9061009965DE /* Changelog in Resources */ = {isa = PBXBuildFile; fileRef = F6C7C1B716AF9061009965DE /* Changelog */; };
		F6C7C1F016AF9061009965DE /* LICENSE.txt in Resources */ = {isa = PBXBuildFile; fileRef = F6C7C1B816AF9061009965DE /* LICENSE.txt */; };
		F6C7C1F116AF9061009965DE /* libMMAdvertiser_4.6.1.a in Frameworks */ = {isa = PBXBuildFile; fileRef = F6C7C1BA16AF9061009965DE /* libMMAdvertiser_4.6.1.a */; };
		F6C7C1F216AF9061009965DE /* README in Resources */ = {isa = PBXBuildFile; fileRef = F6C7C1BC16AF9061009965DE /* README */; };
		F6C7C1F316AF9061009965DE /* ModuleAdfonic.m in Sources */ = {isa = PBXBuildFile; fileRef = F6C7C1BE16AF9061009965DE /* ModuleAdfonic.m */; };
		F6C7C1F416AF9061009965DE /* ModuleAdmob.m in Sources */ = {isa = PBXBuildFile; fileRef = F6C7C1C016AF9061009965DE /* ModuleAdmob.m */; };
		F6C7C1F516AF9061009965DE /* ModuleChartboost.m in Sources */ = {isa = PBXBuildFile; fileRef = F6C7C1C216AF9061009965DE /* ModuleChartboost.m */; };
		F6C7C1F616AF9061009965DE /* ModuleInMobi.m in Sources */ = {isa = PBXBuildFile; fileRef = F6C7C1C416AF9061009965DE /* ModuleInMobi.m */; };
		F6C7C1F716AF9061009965DE /* ModuleJumpTap.m in Sources */ = {isa = PBXBuildFile; fileRef = F6C7C1C616AF9061009965DE /* ModuleJumpTap.m */; };
		F6C7C1F816AF9061009965DE /* ModuleKontagent.m in Sources */ = {isa = PBXBuildFile; fileRef = F6C7C1C816AF9061009965DE /* ModuleKontagent.m */; };
		F6C7C1F916AF9061009965DE /* ModuleLeadbolt.m in Sources */ = {isa = PBXBuildFile; fileRef = F6C7C1CA16AF9061009965DE /* ModuleLeadbolt.m */; };
		F6C7C1FA16AF9061009965DE /* ModuleLocalytics.m in Sources */ = {isa = PBXBuildFile; fileRef = F6C7C1CC16AF9061009965DE /* ModuleLocalytics.m */; };
		F6C7C1FB16AF9061009965DE /* ModuleMdotM.m in Sources */ = {isa = PBXBuildFile; fileRef = F6C7C1CE16AF9061009965DE /* ModuleMdotM.m */; };
		F6C7C1FC16AF9061009965DE /* ModuleMillenium.m in Sources */ = {isa = PBXBuildFile; fileRef = F6C7C1D016AF9061009965DE /* ModuleMillenium.m */; };
		F6C7C1FD16AF9061009965DE /* ModuleSmaato.m in Sources */ = {isa = PBXBuildFile; fileRef = F6C7C1D216AF9061009965DE /* ModuleSmaato.m */; };
		F6C7C1FF16AF9061009965DE /* ODIN.m in Sources */ = {isa = PBXBuildFile; fileRef = F6C7C1D616AF9061009965DE /* ODIN.m */; };
		F6C7C20016AF9061009965DE /* OpenUDID.m in Sources */ = {isa = PBXBuildFile; fileRef = F6C7C1D816AF9061009965DE /* OpenUDID.m */; settings = {COMPILER_FLAGS = "-fobjc-arc"; }; };
		F6C7C20116AF9061009965DE /* Smaato CPD Tracking v1.4.1.pdf in Resources */ = {isa = PBXBuildFile; fileRef = F6C7C1D916AF9061009965DE /* Smaato CPD Tracking v1.4.1.pdf */; };
		F6C7C20216AF9061009965DE /* SOMADownloadTrack.m in Sources */ = {isa = PBXBuildFile; fileRef = F6C7C1DB16AF9061009965DE /* SOMADownloadTrack.m */; };
		F6C7C20316AF9061009965DE /* WizAnalytics.m in Sources */ = {isa = PBXBuildFile; fileRef = F6C7C1DD16AF9061009965DE /* WizAnalytics.m */; };
		F6C7C20416AF9061009965DE /* WizAnalyticsPlugin.m in Sources */ = {isa = PBXBuildFile; fileRef = F6C7C1DF16AF9061009965DE /* WizAnalyticsPlugin.m */; };
		F6C7C20616AF92E7009965DE /* CoreData.framework in Frameworks */ = {isa = PBXBuildFile; fileRef = F6C7C20516AF92E7009965DE /* CoreData.framework */; };
		F6C7C20816AF92F7009965DE /* CoreTelephony.framework in Frameworks */ = {isa = PBXBuildFile; fileRef = F6C7C20716AF92F6009965DE /* CoreTelephony.framework */; };
		F6C7C20A16AF930C009965DE /* AdSupport.framework in Frameworks */ = {isa = PBXBuildFile; fileRef = F6C7C20916AF930C009965DE /* AdSupport.framework */; };
		F6C7C20C16AF9323009965DE /* Security.framework in Frameworks */ = {isa = PBXBuildFile; fileRef = F6C7C20B16AF9323009965DE /* Security.framework */; };
		F6C7C20E16AF9350009965DE /* libsqlite3.dylib in Frameworks */ = {isa = PBXBuildFile; fileRef = F6C7C20D16AF9350009965DE /* libsqlite3.dylib */; };
		F6C7C21016AF9361009965DE /* libz.dylib in Frameworks */ = {isa = PBXBuildFile; fileRef = F6C7C20F16AF9361009965DE /* libz.dylib */; };
		F6C7C21116AF9393009965DE /* SystemConfiguration.framework in Frameworks */ = {isa = PBXBuildFile; fileRef = 301BF5C4109A6A2B0062928A /* SystemConfiguration.framework */; };
		F6C7C21316AF93EB009965DE /* MessageUI.framework in Frameworks */ = {isa = PBXBuildFile; fileRef = F6C7C21216AF93EB009965DE /* MessageUI.framework */; };
		F6C7C21516AF9412009965DE /* StoreKit.framework in Frameworks */ = {isa = PBXBuildFile; fileRef = F6C7C21416AF9412009965DE /* StoreKit.framework */; };
		F840E1F1165FE0F500CFE078 /* config.xml in Resources */ = {isa = PBXBuildFile; fileRef = F840E1F0165FE0F500CFE078 /* config.xml */; };
/* End PBXBuildFile section */

/* Begin PBXContainerItemProxy section */
		301BF534109A57CC0062928A /* PBXContainerItemProxy */ = {
			isa = PBXContainerItemProxy;
			containerPortal = 301BF52D109A57CC0062928A /* CordovaLib.xcodeproj */;
			proxyType = 2;
			remoteGlobalIDString = D2AAC07E0554694100DB518D;
			remoteInfo = CordovaLib;
		};
		301BF550109A68C00062928A /* PBXContainerItemProxy */ = {
			isa = PBXContainerItemProxy;
			containerPortal = 301BF52D109A57CC0062928A /* CordovaLib.xcodeproj */;
			proxyType = 1;
			remoteGlobalIDString = D2AAC07D0554694100DB518D;
			remoteInfo = CordovaLib;
		};
/* End PBXContainerItemProxy section */

/* Begin PBXFileReference section */
		1D30AB110D05D00D00671497 /* Foundation.framework */ = {isa = PBXFileReference; lastKnownFileType = wrapper.framework; name = Foundation.framework; path = System/Library/Frameworks/Foundation.framework; sourceTree = SDKROOT; };
		1D3623240D0F684500981E51 /* AppDelegate.h */ = {isa = PBXFileReference; fileEncoding = 4; lastKnownFileType = sourcecode.c.h; path = AppDelegate.h; sourceTree = "<group>"; };
		1D3623250D0F684500981E51 /* AppDelegate.m */ = {isa = PBXFileReference; fileEncoding = 4; lastKnownFileType = sourcecode.c.objc; path = AppDelegate.m; sourceTree = "<group>"; };
		1D6058910D05DD3D006BFB54 /* exampleWizAnalytics.app */ = {isa = PBXFileReference; explicitFileType = wrapper.application; includeInIndex = 0; path = exampleWizAnalytics.app; sourceTree = BUILT_PRODUCTS_DIR; };
		1DF5F4DF0D08C38300B7A737 /* UIKit.framework */ = {isa = PBXFileReference; lastKnownFileType = wrapper.framework; name = UIKit.framework; path = System/Library/Frameworks/UIKit.framework; sourceTree = SDKROOT; };
		1F766FDD13BBADB100FB74C0 /* en */ = {isa = PBXFileReference; lastKnownFileType = text.plist.strings; name = en; path = Localizable.strings; sourceTree = "<group>"; };
		1F766FE013BBADB100FB74C0 /* es */ = {isa = PBXFileReference; lastKnownFileType = text.plist.strings; name = es; path = Localizable.strings; sourceTree = "<group>"; };
		288765FC0DF74451002DB57D /* CoreGraphics.framework */ = {isa = PBXFileReference; lastKnownFileType = wrapper.framework; name = CoreGraphics.framework; path = System/Library/Frameworks/CoreGraphics.framework; sourceTree = SDKROOT; };
		29B97316FDCFA39411CA2CEA /* main.m */ = {isa = PBXFileReference; fileEncoding = 4; lastKnownFileType = sourcecode.c.objc; path = main.m; sourceTree = "<group>"; };
		301BF52D109A57CC0062928A /* CordovaLib.xcodeproj */ = {isa = PBXFileReference; lastKnownFileType = "wrapper.pb-project"; name = CordovaLib.xcodeproj; path = CordovaLib/CordovaLib.xcodeproj; sourceTree = "<group>"; };
		301BF5B4109A6A2B0062928A /* AddressBook.framework */ = {isa = PBXFileReference; lastKnownFileType = wrapper.framework; name = AddressBook.framework; path = System/Library/Frameworks/AddressBook.framework; sourceTree = SDKROOT; };
		301BF5B6109A6A2B0062928A /* AddressBookUI.framework */ = {isa = PBXFileReference; lastKnownFileType = wrapper.framework; name = AddressBookUI.framework; path = System/Library/Frameworks/AddressBookUI.framework; sourceTree = SDKROOT; };
		301BF5B8109A6A2B0062928A /* AudioToolbox.framework */ = {isa = PBXFileReference; lastKnownFileType = wrapper.framework; name = AudioToolbox.framework; path = System/Library/Frameworks/AudioToolbox.framework; sourceTree = SDKROOT; };
		301BF5BA109A6A2B0062928A /* AVFoundation.framework */ = {isa = PBXFileReference; lastKnownFileType = wrapper.framework; name = AVFoundation.framework; path = System/Library/Frameworks/AVFoundation.framework; sourceTree = SDKROOT; };
		301BF5BC109A6A2B0062928A /* CFNetwork.framework */ = {isa = PBXFileReference; lastKnownFileType = wrapper.framework; name = CFNetwork.framework; path = System/Library/Frameworks/CFNetwork.framework; sourceTree = SDKROOT; };
		301BF5BE109A6A2B0062928A /* CoreLocation.framework */ = {isa = PBXFileReference; lastKnownFileType = wrapper.framework; name = CoreLocation.framework; path = System/Library/Frameworks/CoreLocation.framework; sourceTree = SDKROOT; };
		301BF5C0109A6A2B0062928A /* MediaPlayer.framework */ = {isa = PBXFileReference; lastKnownFileType = wrapper.framework; name = MediaPlayer.framework; path = System/Library/Frameworks/MediaPlayer.framework; sourceTree = SDKROOT; };
		301BF5C2109A6A2B0062928A /* QuartzCore.framework */ = {isa = PBXFileReference; lastKnownFileType = wrapper.framework; name = QuartzCore.framework; path = System/Library/Frameworks/QuartzCore.framework; sourceTree = SDKROOT; };
		301BF5C4109A6A2B0062928A /* SystemConfiguration.framework */ = {isa = PBXFileReference; lastKnownFileType = wrapper.framework; name = SystemConfiguration.framework; path = System/Library/Frameworks/SystemConfiguration.framework; sourceTree = SDKROOT; };
		302D95EE14D2391D003F00A1 /* MainViewController.h */ = {isa = PBXFileReference; fileEncoding = 4; lastKnownFileType = sourcecode.c.h; path = MainViewController.h; sourceTree = "<group>"; };
		302D95EF14D2391D003F00A1 /* MainViewController.m */ = {isa = PBXFileReference; fileEncoding = 4; lastKnownFileType = sourcecode.c.objc; path = MainViewController.m; sourceTree = "<group>"; };
		302D95F014D2391D003F00A1 /* MainViewController.xib */ = {isa = PBXFileReference; fileEncoding = 4; lastKnownFileType = file.xib; path = MainViewController.xib; sourceTree = "<group>"; };
		305D5FD0115AB8F900A74A75 /* MobileCoreServices.framework */ = {isa = PBXFileReference; lastKnownFileType = wrapper.framework; name = MobileCoreServices.framework; path = System/Library/Frameworks/MobileCoreServices.framework; sourceTree = SDKROOT; };
		3072F99613A8081B00425683 /* Capture.bundle */ = {isa = PBXFileReference; lastKnownFileType = "wrapper.plug-in"; path = Capture.bundle; sourceTree = "<group>"; };
		3088BBB7154F3926009F9C59 /* Default-Landscape@2x~ipad.png */ = {isa = PBXFileReference; lastKnownFileType = image.png; path = "Default-Landscape@2x~ipad.png"; sourceTree = "<group>"; };
		3088BBB8154F3926009F9C59 /* Default-Landscape~ipad.png */ = {isa = PBXFileReference; lastKnownFileType = image.png; path = "Default-Landscape~ipad.png"; sourceTree = "<group>"; };
		3088BBB9154F3926009F9C59 /* Default-Portrait@2x~ipad.png */ = {isa = PBXFileReference; lastKnownFileType = image.png; path = "Default-Portrait@2x~ipad.png"; sourceTree = "<group>"; };
		3088BBBA154F3926009F9C59 /* Default-Portrait~ipad.png */ = {isa = PBXFileReference; lastKnownFileType = image.png; path = "Default-Portrait~ipad.png"; sourceTree = "<group>"; };
		3088BBBB154F3926009F9C59 /* Default@2x~iphone.png */ = {isa = PBXFileReference; lastKnownFileType = image.png; path = "Default@2x~iphone.png"; sourceTree = "<group>"; };
		3088BBBC154F3926009F9C59 /* Default~iphone.png */ = {isa = PBXFileReference; lastKnownFileType = image.png; path = "Default~iphone.png"; sourceTree = "<group>"; };
		308D052E1370CCF300D202BF /* icon-72.png */ = {isa = PBXFileReference; lastKnownFileType = image.png; path = "icon-72.png"; sourceTree = "<group>"; };
		308D052F1370CCF300D202BF /* icon.png */ = {isa = PBXFileReference; lastKnownFileType = image.png; path = icon.png; sourceTree = "<group>"; };
		308D05301370CCF300D202BF /* icon@2x.png */ = {isa = PBXFileReference; lastKnownFileType = image.png; path = "icon@2x.png"; sourceTree = "<group>"; };
		30A0434414DC770100060A13 /* de */ = {isa = PBXFileReference; lastKnownFileType = text.plist.strings; name = de; path = Localizable.strings; sourceTree = "<group>"; };
		30A0434714DC770100060A13 /* se */ = {isa = PBXFileReference; lastKnownFileType = text.plist.strings; name = se; path = Localizable.strings; sourceTree = "<group>"; };
		30E5649113A7FCAF007403D8 /* CoreMedia.framework */ = {isa = PBXFileReference; lastKnownFileType = wrapper.framework; name = CoreMedia.framework; path = System/Library/Frameworks/CoreMedia.framework; sourceTree = SDKROOT; };
		32CA4F630368D1EE00C91783 /* exampleWizAnalytics-Prefix.pch */ = {isa = PBXFileReference; fileEncoding = 4; lastKnownFileType = sourcecode.c.h; path = "exampleWizAnalytics-Prefix.pch"; sourceTree = "<group>"; };
		8D1107310486CEB800E47090 /* exampleWizAnalytics-Info.plist */ = {isa = PBXFileReference; fileEncoding = 4; lastKnownFileType = text.plist.xml; name = "exampleWizAnalytics-Info.plist"; path = "../exampleWizAnalytics-Info.plist"; plistStructureDefinitionIdentifier = "com.apple.xcode.plist.structure-definition.iphone.info-plist"; sourceTree = "<group>"; };
		D4A0D8751607E02300AEF8BB /* Default-568h@2x~iphone.png */ = {isa = PBXFileReference; lastKnownFileType = image.png; path = "Default-568h@2x~iphone.png"; sourceTree = "<group>"; };
		F6C7C16516AF8E3A009965DE /* www */ = {isa = PBXFileReference; lastKnownFileType = folder; name = www; path = ../www; sourceTree = "<group>"; };
		F6C7C17316AF9060009965DE /* CBAnalytics.h */ = {isa = PBXFileReference; fileEncoding = 4; lastKnownFileType = sourcecode.c.h; path = CBAnalytics.h; sourceTree = "<group>"; };
		F6C7C17416AF9060009965DE /* Chartboost.h */ = {isa = PBXFileReference; fileEncoding = 4; lastKnownFileType = sourcecode.c.h; path = Chartboost.h; sourceTree = "<group>"; };
		F6C7C17516AF9060009965DE /* libChartboost.a */ = {isa = PBXFileReference; lastKnownFileType = archive.ar; path = libChartboost.a; sourceTree = "<group>"; };
		F6C7C17616AF9060009965DE /* README.md */ = {isa = PBXFileReference; fileEncoding = 4; lastKnownFileType = text; path = README.md; sourceTree = "<group>"; };
		F6C7C17D16AF9060009965DE /* DFPBannerView.h */ = {isa = PBXFileReference; fileEncoding = 4; lastKnownFileType = sourcecode.c.h; path = DFPBannerView.h; sourceTree = "<group>"; };
		F6C7C17E16AF9060009965DE /* DFPExtras.h */ = {isa = PBXFileReference; fileEncoding = 4; lastKnownFileType = sourcecode.c.h; path = DFPExtras.h; sourceTree = "<group>"; };
		F6C7C17F16AF9060009965DE /* DFPInterstitial.h */ = {isa = PBXFileReference; fileEncoding = 4; lastKnownFileType = sourcecode.c.h; path = DFPInterstitial.h; sourceTree = "<group>"; };
		F6C7C18016AF9060009965DE /* GADAdSizeDelegate.h */ = {isa = PBXFileReference; fileEncoding = 4; lastKnownFileType = sourcecode.c.h; path = GADAdSizeDelegate.h; sourceTree = "<group>"; };
		F6C7C18116AF9060009965DE /* GADAppEventDelegate.h */ = {isa = PBXFileReference; fileEncoding = 4; lastKnownFileType = sourcecode.c.h; path = GADAppEventDelegate.h; sourceTree = "<group>"; };
		F6C7C18316AF9060009965DE /* GADCustomEventBanner.h */ = {isa = PBXFileReference; fileEncoding = 4; lastKnownFileType = sourcecode.c.h; path = GADCustomEventBanner.h; sourceTree = "<group>"; };
		F6C7C18416AF9060009965DE /* GADCustomEventBannerDelegate.h */ = {isa = PBXFileReference; fileEncoding = 4; lastKnownFileType = sourcecode.c.h; path = GADCustomEventBannerDelegate.h; sourceTree = "<group>"; };
		F6C7C18516AF9060009965DE /* GADCustomEventExtras.h */ = {isa = PBXFileReference; fileEncoding = 4; lastKnownFileType = sourcecode.c.h; path = GADCustomEventExtras.h; sourceTree = "<group>"; };
		F6C7C18616AF9060009965DE /* GADCustomEventInterstitial.h */ = {isa = PBXFileReference; fileEncoding = 4; lastKnownFileType = sourcecode.c.h; path = GADCustomEventInterstitial.h; sourceTree = "<group>"; };
		F6C7C18716AF9060009965DE /* GADCustomEventInterstitialDelegate.h */ = {isa = PBXFileReference; fileEncoding = 4; lastKnownFileType = sourcecode.c.h; path = GADCustomEventInterstitialDelegate.h; sourceTree = "<group>"; };
		F6C7C18816AF9060009965DE /* GADCustomEventRequest.h */ = {isa = PBXFileReference; fileEncoding = 4; lastKnownFileType = sourcecode.c.h; path = GADCustomEventRequest.h; sourceTree = "<group>"; };
		F6C7C18A16AF9060009965DE /* GADSearchBannerView.h */ = {isa = PBXFileReference; fileEncoding = 4; lastKnownFileType = sourcecode.c.h; path = GADSearchBannerView.h; sourceTree = "<group>"; };
		F6C7C18B16AF9060009965DE /* GADSearchRequest.h */ = {isa = PBXFileReference; fileEncoding = 4; lastKnownFileType = sourcecode.c.h; path = GADSearchRequest.h; sourceTree = "<group>"; };
		F6C7C18C16AF9060009965DE /* GADAdMobExtras.h */ = {isa = PBXFileReference; fileEncoding = 4; lastKnownFileType = sourcecode.c.h; path = GADAdMobExtras.h; sourceTree = "<group>"; };
		F6C7C18D16AF9060009965DE /* GADAdNetworkExtras.h */ = {isa = PBXFileReference; fileEncoding = 4; lastKnownFileType = sourcecode.c.h; path = GADAdNetworkExtras.h; sourceTree = "<group>"; };
		F6C7C18E16AF9060009965DE /* GADAdSize.h */ = {isa = PBXFileReference; fileEncoding = 4; lastKnownFileType = sourcecode.c.h; path = GADAdSize.h; sourceTree = "<group>"; };
		F6C7C18F16AF9060009965DE /* GADBannerView.h */ = {isa = PBXFileReference; fileEncoding = 4; lastKnownFileType = sourcecode.c.h; path = GADBannerView.h; sourceTree = "<group>"; };
		F6C7C19016AF9060009965DE /* GADBannerViewDelegate.h */ = {isa = PBXFileReference; fileEncoding = 4; lastKnownFileType = sourcecode.c.h; path = GADBannerViewDelegate.h; sourceTree = "<group>"; };
		F6C7C19116AF9060009965DE /* GADInterstitial.h */ = {isa = PBXFileReference; fileEncoding = 4; lastKnownFileType = sourcecode.c.h; path = GADInterstitial.h; sourceTree = "<group>"; };
		F6C7C19216AF9060009965DE /* GADInterstitialDelegate.h */ = {isa = PBXFileReference; fileEncoding = 4; lastKnownFileType = sourcecode.c.h; path = GADInterstitialDelegate.h; sourceTree = "<group>"; };
		F6C7C19316AF9060009965DE /* GADRequest.h */ = {isa = PBXFileReference; fileEncoding = 4; lastKnownFileType = sourcecode.c.h; path = GADRequest.h; sourceTree = "<group>"; };
		F6C7C19416AF9060009965DE /* GADRequestError.h */ = {isa = PBXFileReference; fileEncoding = 4; lastKnownFileType = sourcecode.c.h; path = GADRequestError.h; sourceTree = "<group>"; };
		F6C7C19516AF9060009965DE /* libGoogleAdMobAds.a */ = {isa = PBXFileReference; lastKnownFileType = archive.ar; path = libGoogleAdMobAds.a; sourceTree = "<group>"; };
		F6C7C19616AF9060009965DE /* README.txt */ = {isa = PBXFileReference; fileEncoding = 4; lastKnownFileType = text; path = README.txt; sourceTree = "<group>"; };
		F6C7C19816AF9060009965DE /* ChangeLog.txt */ = {isa = PBXFileReference; fileEncoding = 4; lastKnownFileType = text; path = ChangeLog.txt; sourceTree = "<group>"; };
		F6C7C19E16AF9060009965DE /* IMAdTracker.h */ = {isa = PBXFileReference; fileEncoding = 4; lastKnownFileType = sourcecode.c.h; path = IMAdTracker.h; sourceTree = "<group>"; };
		F6C7C19F16AF9060009965DE /* IMCommonUtil.h */ = {isa = PBXFileReference; fileEncoding = 4; lastKnownFileType = sourcecode.c.h; path = IMCommonUtil.h; sourceTree = "<group>"; };
		F6C7C1A016AF9060009965DE /* libInMobiAdTracker-2.5.1.a */ = {isa = PBXFileReference; lastKnownFileType = archive.ar; path = "libInMobiAdTracker-2.5.1.a"; sourceTree = "<group>"; };
		F6C7C1A116AF9060009965DE /* libInMobiCommons-3.6.1.a */ = {isa = PBXFileReference; lastKnownFileType = archive.ar; path = "libInMobiCommons-3.6.1.a"; sourceTree = "<group>"; };
		F6C7C1A816AF9060009965DE /* JumpTapAppReport.h */ = {isa = PBXFileReference; fileEncoding = 4; lastKnownFileType = sourcecode.c.h; path = JumpTapAppReport.h; sourceTree = "<group>"; };
		F6C7C1A916AF9060009965DE /* JumpTapAppReport.m */ = {isa = PBXFileReference; fileEncoding = 4; lastKnownFileType = sourcecode.c.objc; path = JumpTapAppReport.m; sourceTree = "<group>"; };
		F6C7C1AB16AF9060009965DE /* Kontagent.framework */ = {isa = PBXFileReference; lastKnownFileType = wrapper.framework; path = Kontagent.framework; sourceTree = "<group>"; };
		F6C7C1AD16AF9061009965DE /* LICENSE */ = {isa = PBXFileReference; fileEncoding = 4; lastKnownFileType = text; path = LICENSE; sourceTree = "<group>"; };
		F6C7C1AF16AF9061009965DE /* LocalyticsDatabase.h */ = {isa = PBXFileReference; fileEncoding = 4; lastKnownFileType = sourcecode.c.h; path = LocalyticsDatabase.h; sourceTree = "<group>"; };
		F6C7C1B016AF9061009965DE /* LocalyticsDatabase.m */ = {isa = PBXFileReference; fileEncoding = 4; lastKnownFileType = sourcecode.c.objc; path = LocalyticsDatabase.m; sourceTree = "<group>"; };
		F6C7C1B116AF9061009965DE /* LocalyticsSession.h */ = {isa = PBXFileReference; fileEncoding = 4; lastKnownFileType = sourcecode.c.h; path = LocalyticsSession.h; sourceTree = "<group>"; };
		F6C7C1B216AF9061009965DE /* LocalyticsSession.m */ = {isa = PBXFileReference; fileEncoding = 4; lastKnownFileType = sourcecode.c.objc; path = LocalyticsSession.m; sourceTree = "<group>"; };
		F6C7C1B316AF9061009965DE /* LocalyticsUploader.h */ = {isa = PBXFileReference; fileEncoding = 4; lastKnownFileType = sourcecode.c.h; path = LocalyticsUploader.h; sourceTree = "<group>"; };
		F6C7C1B416AF9061009965DE /* LocalyticsUploader.m */ = {isa = PBXFileReference; fileEncoding = 4; lastKnownFileType = sourcecode.c.objc; path = LocalyticsUploader.m; sourceTree = "<group>"; };
		F6C7C1B516AF9061009965DE /* WebserviceConstants.h */ = {isa = PBXFileReference; fileEncoding = 4; lastKnownFileType = sourcecode.c.h; path = WebserviceConstants.h; sourceTree = "<group>"; };
		F6C7C1B716AF9061009965DE /* Changelog */ = {isa = PBXFileReference; fileEncoding = 4; lastKnownFileType = text; path = Changelog; sourceTree = "<group>"; };
		F6C7C1B816AF9061009965DE /* LICENSE.txt */ = {isa = PBXFileReference; fileEncoding = 4; lastKnownFileType = text; path = LICENSE.txt; sourceTree = "<group>"; };
		F6C7C1BA16AF9061009965DE /* libMMAdvertiser_4.6.1.a */ = {isa = PBXFileReference; lastKnownFileType = archive.ar; path = libMMAdvertiser_4.6.1.a; sourceTree = "<group>"; };
		F6C7C1BB16AF9061009965DE /* MMAdvertiser.h */ = {isa = PBXFileReference; fileEncoding = 4; lastKnownFileType = sourcecode.c.h; path = MMAdvertiser.h; sourceTree = "<group>"; };
		F6C7C1BC16AF9061009965DE /* README */ = {isa = PBXFileReference; fileEncoding = 4; lastKnownFileType = text; path = README; sourceTree = "<group>"; };
		F6C7C1BD16AF9061009965DE /* ModuleAdfonic.h */ = {isa = PBXFileReference; fileEncoding = 4; lastKnownFileType = sourcecode.c.h; path = ModuleAdfonic.h; sourceTree = "<group>"; };
		F6C7C1BE16AF9061009965DE /* ModuleAdfonic.m */ = {isa = PBXFileReference; fileEncoding = 4; lastKnownFileType = sourcecode.c.objc; path = ModuleAdfonic.m; sourceTree = "<group>"; };
		F6C7C1BF16AF9061009965DE /* ModuleAdmob.h */ = {isa = PBXFileReference; fileEncoding = 4; lastKnownFileType = sourcecode.c.h; path = ModuleAdmob.h; sourceTree = "<group>"; };
		F6C7C1C016AF9061009965DE /* ModuleAdmob.m */ = {isa = PBXFileReference; fileEncoding = 4; lastKnownFileType = sourcecode.c.objc; path = ModuleAdmob.m; sourceTree = "<group>"; };
		F6C7C1C116AF9061009965DE /* ModuleChartboost.h */ = {isa = PBXFileReference; fileEncoding = 4; lastKnownFileType = sourcecode.c.h; path = ModuleChartboost.h; sourceTree = "<group>"; };
		F6C7C1C216AF9061009965DE /* ModuleChartboost.m */ = {isa = PBXFileReference; fileEncoding = 4; lastKnownFileType = sourcecode.c.objc; path = ModuleChartboost.m; sourceTree = "<group>"; };
		F6C7C1C316AF9061009965DE /* ModuleInMobi.h */ = {isa = PBXFileReference; fileEncoding = 4; lastKnownFileType = sourcecode.c.h; path = ModuleInMobi.h; sourceTree = "<group>"; };
		F6C7C1C416AF9061009965DE /* ModuleInMobi.m */ = {isa = PBXFileReference; fileEncoding = 4; lastKnownFileType = sourcecode.c.objc; path = ModuleInMobi.m; sourceTree = "<group>"; };
		F6C7C1C516AF9061009965DE /* ModuleJumpTap.h */ = {isa = PBXFileReference; fileEncoding = 4; lastKnownFileType = sourcecode.c.h; path = ModuleJumpTap.h; sourceTree = "<group>"; };
		F6C7C1C616AF9061009965DE /* ModuleJumpTap.m */ = {isa = PBXFileReference; fileEncoding = 4; lastKnownFileType = sourcecode.c.objc; path = ModuleJumpTap.m; sourceTree = "<group>"; };
		F6C7C1C716AF9061009965DE /* ModuleKontagent.h */ = {isa = PBXFileReference; fileEncoding = 4; lastKnownFileType = sourcecode.c.h; path = ModuleKontagent.h; sourceTree = "<group>"; };
		F6C7C1C816AF9061009965DE /* ModuleKontagent.m */ = {isa = PBXFileReference; fileEncoding = 4; lastKnownFileType = sourcecode.c.objc; path = ModuleKontagent.m; sourceTree = "<group>"; };
		F6C7C1C916AF9061009965DE /* ModuleLeadbolt.h */ = {isa = PBXFileReference; fileEncoding = 4; lastKnownFileType = sourcecode.c.h; path = ModuleLeadbolt.h; sourceTree = "<group>"; };
		F6C7C1CA16AF9061009965DE /* ModuleLeadbolt.m */ = {isa = PBXFileReference; fileEncoding = 4; lastKnownFileType = sourcecode.c.objc; path = ModuleLeadbolt.m; sourceTree = "<group>"; };
		F6C7C1CB16AF9061009965DE /* ModuleLocalytics.h */ = {isa = PBXFileReference; fileEncoding = 4; lastKnownFileType = sourcecode.c.h; path = ModuleLocalytics.h; sourceTree = "<group>"; };
		F6C7C1CC16AF9061009965DE /* ModuleLocalytics.m */ = {isa = PBXFileReference; fileEncoding = 4; lastKnownFileType = sourcecode.c.objc; path = ModuleLocalytics.m; sourceTree = "<group>"; };
		F6C7C1CD16AF9061009965DE /* ModuleMdotM.h */ = {isa = PBXFileReference; fileEncoding = 4; lastKnownFileType = sourcecode.c.h; path = ModuleMdotM.h; sourceTree = "<group>"; };
		F6C7C1CE16AF9061009965DE /* ModuleMdotM.m */ = {isa = PBXFileReference; fileEncoding = 4; lastKnownFileType = sourcecode.c.objc; path = ModuleMdotM.m; sourceTree = "<group>"; };
		F6C7C1CF16AF9061009965DE /* ModuleMillenium.h */ = {isa = PBXFileReference; fileEncoding = 4; lastKnownFileType = sourcecode.c.h; path = ModuleMillenium.h; sourceTree = "<group>"; };
		F6C7C1D016AF9061009965DE /* ModuleMillenium.m */ = {isa = PBXFileReference; fileEncoding = 4; lastKnownFileType = sourcecode.c.objc; path = ModuleMillenium.m; sourceTree = "<group>"; };
		F6C7C1D116AF9061009965DE /* ModuleSmaato.h */ = {isa = PBXFileReference; fileEncoding = 4; lastKnownFileType = sourcecode.c.h; path = ModuleSmaato.h; sourceTree = "<group>"; };
		F6C7C1D216AF9061009965DE /* ModuleSmaato.m */ = {isa = PBXFileReference; fileEncoding = 4; lastKnownFileType = sourcecode.c.objc; path = ModuleSmaato.m; sourceTree = "<group>"; };
		F6C7C1D416AF9061009965DE /* android_tracking.java */ = {isa = PBXFileReference; fileEncoding = 4; lastKnownFileType = sourcecode.java; path = android_tracking.java; sourceTree = "<group>"; };
		F6C7C1D516AF9061009965DE /* ODIN.h */ = {isa = PBXFileReference; fileEncoding = 4; lastKnownFileType = sourcecode.c.h; path = ODIN.h; sourceTree = "<group>"; };
		F6C7C1D616AF9061009965DE /* ODIN.m */ = {isa = PBXFileReference; fileEncoding = 4; lastKnownFileType = sourcecode.c.objc; path = ODIN.m; sourceTree = "<group>"; };
		F6C7C1D716AF9061009965DE /* OpenUDID.h */ = {isa = PBXFileReference; fileEncoding = 4; lastKnownFileType = sourcecode.c.h; path = OpenUDID.h; sourceTree = "<group>"; };
		F6C7C1D816AF9061009965DE /* OpenUDID.m */ = {isa = PBXFileReference; fileEncoding = 4; lastKnownFileType = sourcecode.c.objc; path = OpenUDID.m; sourceTree = "<group>"; };
		F6C7C1D916AF9061009965DE /* Smaato CPD Tracking v1.4.1.pdf */ = {isa = PBXFileReference; lastKnownFileType = image.pdf; path = "Smaato CPD Tracking v1.4.1.pdf"; sourceTree = "<group>"; };
		F6C7C1DA16AF9061009965DE /* SOMADownloadTrack.h */ = {isa = PBXFileReference; fileEncoding = 4; lastKnownFileType = sourcecode.c.h; path = SOMADownloadTrack.h; sourceTree = "<group>"; };
		F6C7C1DB16AF9061009965DE /* SOMADownloadTrack.m */ = {isa = PBXFileReference; fileEncoding = 4; lastKnownFileType = sourcecode.c.objc; path = SOMADownloadTrack.m; sourceTree = "<group>"; };
		F6C7C1DC16AF9061009965DE /* WizAnalytics.h */ = {isa = PBXFileReference; fileEncoding = 4; lastKnownFileType = sourcecode.c.h; path = WizAnalytics.h; sourceTree = "<group>"; };
		F6C7C1DD16AF9061009965DE /* WizAnalytics.m */ = {isa = PBXFileReference; fileEncoding = 4; lastKnownFileType = sourcecode.c.objc; path = WizAnalytics.m; sourceTree = "<group>"; };
		F6C7C1DE16AF9061009965DE /* WizAnalyticsPlugin.h */ = {isa = PBXFileReference; fileEncoding = 4; lastKnownFileType = sourcecode.c.h; path = WizAnalyticsPlugin.h; sourceTree = "<group>"; };
		F6C7C1DF16AF9061009965DE /* WizAnalyticsPlugin.m */ = {isa = PBXFileReference; fileEncoding = 4; lastKnownFileType = sourcecode.c.objc; path = WizAnalyticsPlugin.m; sourceTree = "<group>"; };
		F6C7C1E016AF9061009965DE /* WizAnalyticsVendorModule.h */ = {isa = PBXFileReference; fileEncoding = 4; lastKnownFileType = sourcecode.c.h; path = WizAnalyticsVendorModule.h; sourceTree = "<group>"; };
		F6C7C1E116AF9061009965DE /* WizDebugLog.h */ = {isa = PBXFileReference; fileEncoding = 4; lastKnownFileType = sourcecode.c.h; path = WizDebugLog.h; sourceTree = "<group>"; };
		F6C7C20516AF92E7009965DE /* CoreData.framework */ = {isa = PBXFileReference; lastKnownFileType = wrapper.framework; name = CoreData.framework; path = System/Library/Frameworks/CoreData.framework; sourceTree = SDKROOT; };
		F6C7C20716AF92F6009965DE /* CoreTelephony.framework */ = {isa = PBXFileReference; lastKnownFileType = wrapper.framework; name = CoreTelephony.framework; path = System/Library/Frameworks/CoreTelephony.framework; sourceTree = SDKROOT; };
		F6C7C20916AF930C009965DE /* AdSupport.framework */ = {isa = PBXFileReference; lastKnownFileType = wrapper.framework; name = AdSupport.framework; path = System/Library/Frameworks/AdSupport.framework; sourceTree = SDKROOT; };
		F6C7C20B16AF9323009965DE /* Security.framework */ = {isa = PBXFileReference; lastKnownFileType = wrapper.framework; name = Security.framework; path = System/Library/Frameworks/Security.framework; sourceTree = SDKROOT; };
		F6C7C20D16AF9350009965DE /* libsqlite3.dylib */ = {isa = PBXFileReference; lastKnownFileType = "compiled.mach-o.dylib"; name = libsqlite3.dylib; path = usr/lib/libsqlite3.dylib; sourceTree = SDKROOT; };
		F6C7C20F16AF9361009965DE /* libz.dylib */ = {isa = PBXFileReference; lastKnownFileType = "compiled.mach-o.dylib"; name = libz.dylib; path = usr/lib/libz.dylib; sourceTree = SDKROOT; };
		F6C7C21216AF93EB009965DE /* MessageUI.framework */ = {isa = PBXFileReference; lastKnownFileType = wrapper.framework; name = MessageUI.framework; path = System/Library/Frameworks/MessageUI.framework; sourceTree = SDKROOT; };
		F6C7C21416AF9412009965DE /* StoreKit.framework */ = {isa = PBXFileReference; lastKnownFileType = wrapper.framework; name = StoreKit.framework; path = System/Library/Frameworks/StoreKit.framework; sourceTree = SDKROOT; };
		F840E1F0165FE0F500CFE078 /* config.xml */ = {isa = PBXFileReference; lastKnownFileType = text.xml; name = config.xml; path = exampleWizAnalytics/config.xml; sourceTree = "<group>"; };
/* End PBXFileReference section */

/* Begin PBXFrameworksBuildPhase section */
		1D60588F0D05DD3D006BFB54 /* Frameworks */ = {
			isa = PBXFrameworksBuildPhase;
			buildActionMask = 2147483647;
			files = (
				F6C7C21516AF9412009965DE /* StoreKit.framework in Frameworks */,
				F6C7C21316AF93EB009965DE /* MessageUI.framework in Frameworks */,
				F6C7C21116AF9393009965DE /* SystemConfiguration.framework in Frameworks */,
				F6C7C21016AF9361009965DE /* libz.dylib in Frameworks */,
				F6C7C20E16AF9350009965DE /* libsqlite3.dylib in Frameworks */,
				F6C7C20C16AF9323009965DE /* Security.framework in Frameworks */,
				F6C7C20A16AF930C009965DE /* AdSupport.framework in Frameworks */,
				F6C7C20816AF92F7009965DE /* CoreTelephony.framework in Frameworks */,
				F6C7C20616AF92E7009965DE /* CoreData.framework in Frameworks */,
				301BF552109A68D80062928A /* libCordova.a in Frameworks */,
				1D60589F0D05DD5A006BFB54 /* Foundation.framework in Frameworks */,
				1DF5F4E00D08C38300B7A737 /* UIKit.framework in Frameworks */,
				288765FD0DF74451002DB57D /* CoreGraphics.framework in Frameworks */,
				301BF5B5109A6A2B0062928A /* AddressBook.framework in Frameworks */,
				301BF5B7109A6A2B0062928A /* AddressBookUI.framework in Frameworks */,
				301BF5B9109A6A2B0062928A /* AudioToolbox.framework in Frameworks */,
				301BF5BB109A6A2B0062928A /* AVFoundation.framework in Frameworks */,
				301BF5BD109A6A2B0062928A /* CFNetwork.framework in Frameworks */,
				301BF5BF109A6A2B0062928A /* CoreLocation.framework in Frameworks */,
				301BF5C1109A6A2B0062928A /* MediaPlayer.framework in Frameworks */,
				301BF5C3109A6A2B0062928A /* QuartzCore.framework in Frameworks */,
				305D5FD1115AB8F900A74A75 /* MobileCoreServices.framework in Frameworks */,
				30E5649213A7FCAF007403D8 /* CoreMedia.framework in Frameworks */,
				F6C7C1E216AF9061009965DE /* libChartboost.a in Frameworks */,
				F6C7C1E416AF9061009965DE /* libGoogleAdMobAds.a in Frameworks */,
				F6C7C1E716AF9061009965DE /* libInMobiAdTracker-2.5.1.a in Frameworks */,
				F6C7C1E816AF9061009965DE /* libInMobiCommons-3.6.1.a in Frameworks */,
				F6C7C1EA16AF9061009965DE /* Kontagent.framework in Frameworks */,
				F6C7C1F116AF9061009965DE /* libMMAdvertiser_4.6.1.a in Frameworks */,
			);
			runOnlyForDeploymentPostprocessing = 0;
		};
/* End PBXFrameworksBuildPhase section */

/* Begin PBXGroup section */
		080E96DDFE201D6D7F000001 /* Classes */ = {
			isa = PBXGroup;
			children = (
				302D95EE14D2391D003F00A1 /* MainViewController.h */,
				302D95EF14D2391D003F00A1 /* MainViewController.m */,
				302D95F014D2391D003F00A1 /* MainViewController.xib */,
				1D3623240D0F684500981E51 /* AppDelegate.h */,
				1D3623250D0F684500981E51 /* AppDelegate.m */,
			);
			name = Classes;
			path = exampleWizAnalytics/Classes;
			sourceTree = SOURCE_ROOT;
		};
		19C28FACFE9D520D11CA2CBB /* Products */ = {
			isa = PBXGroup;
			children = (
				1D6058910D05DD3D006BFB54 /* exampleWizAnalytics.app */,
			);
			name = Products;
			sourceTree = "<group>";
		};
		1F766FDB13BBADB100FB74C0 /* en.lproj */ = {
			isa = PBXGroup;
			children = (
				1F766FDC13BBADB100FB74C0 /* Localizable.strings */,
			);
			path = en.lproj;
			sourceTree = "<group>";
		};
		1F766FDE13BBADB100FB74C0 /* es.lproj */ = {
			isa = PBXGroup;
			children = (
				1F766FDF13BBADB100FB74C0 /* Localizable.strings */,
			);
			path = es.lproj;
			sourceTree = "<group>";
		};
		29B97314FDCFA39411CA2CEA /* CustomTemplate */ = {
			isa = PBXGroup;
			children = (
				F6C7C16516AF8E3A009965DE /* www */,
				F840E1F0165FE0F500CFE078 /* config.xml */,
				301BF52D109A57CC0062928A /* CordovaLib.xcodeproj */,
				080E96DDFE201D6D7F000001 /* Classes */,
				307C750510C5A3420062BCA9 /* Plugins */,
				29B97315FDCFA39411CA2CEA /* Other Sources */,
				29B97317FDCFA39411CA2CEA /* Resources */,
				29B97323FDCFA39411CA2CEA /* Frameworks */,
				19C28FACFE9D520D11CA2CBB /* Products */,
			);
			name = CustomTemplate;
			sourceTree = "<group>";
		};
		29B97315FDCFA39411CA2CEA /* Other Sources */ = {
			isa = PBXGroup;
			children = (
				32CA4F630368D1EE00C91783 /* exampleWizAnalytics-Prefix.pch */,
				29B97316FDCFA39411CA2CEA /* main.m */,
			);
			name = "Other Sources";
			path = exampleWizAnalytics;
			sourceTree = "<group>";
		};
		29B97317FDCFA39411CA2CEA /* Resources */ = {
			isa = PBXGroup;
			children = (
				30A0434214DC770100060A13 /* de.lproj */,
				30A0434514DC770100060A13 /* se.lproj */,
				1F766FDB13BBADB100FB74C0 /* en.lproj */,
				1F766FDE13BBADB100FB74C0 /* es.lproj */,
				3072F99613A8081B00425683 /* Capture.bundle */,
				308D052D1370CCF300D202BF /* icons */,
				308D05311370CCF300D202BF /* splash */,
				8D1107310486CEB800E47090 /* exampleWizAnalytics-Info.plist */,
			);
			name = Resources;
			path = exampleWizAnalytics/Resources;
			sourceTree = "<group>";
		};
		29B97323FDCFA39411CA2CEA /* Frameworks */ = {
			isa = PBXGroup;
			children = (
				301BF5B4109A6A2B0062928A /* AddressBook.framework */,
				301BF5B6109A6A2B0062928A /* AddressBookUI.framework */,
				F6C7C20916AF930C009965DE /* AdSupport.framework */,
				301BF5B8109A6A2B0062928A /* AudioToolbox.framework */,
				301BF5BA109A6A2B0062928A /* AVFoundation.framework */,
				301BF5BC109A6A2B0062928A /* CFNetwork.framework */,
				F6C7C20516AF92E7009965DE /* CoreData.framework */,
				288765FC0DF74451002DB57D /* CoreGraphics.framework */,
				301BF5BE109A6A2B0062928A /* CoreLocation.framework */,
				30E5649113A7FCAF007403D8 /* CoreMedia.framework */,
				F6C7C20716AF92F6009965DE /* CoreTelephony.framework */,
				1D30AB110D05D00D00671497 /* Foundation.framework */,
				F6C7C20D16AF9350009965DE /* libsqlite3.dylib */,
				F6C7C20F16AF9361009965DE /* libz.dylib */,
				301BF5C0109A6A2B0062928A /* MediaPlayer.framework */,
				F6C7C21216AF93EB009965DE /* MessageUI.framework */,
				305D5FD0115AB8F900A74A75 /* MobileCoreServices.framework */,
				301BF5C2109A6A2B0062928A /* QuartzCore.framework */,
				F6C7C20B16AF9323009965DE /* Security.framework */,
				F6C7C21416AF9412009965DE /* StoreKit.framework */,
				301BF5C4109A6A2B0062928A /* SystemConfiguration.framework */,
				1DF5F4DF0D08C38300B7A737 /* UIKit.framework */,
			);
			name = Frameworks;
			sourceTree = "<group>";
		};
		301BF52E109A57CC0062928A /* Products */ = {
			isa = PBXGroup;
			children = (
				301BF535109A57CC0062928A /* libCordova.a */,
			);
			name = Products;
			sourceTree = "<group>";
		};
		307C750510C5A3420062BCA9 /* Plugins */ = {
			isa = PBXGroup;
			children = (
				F6C7C17016AF9060009965DE /* WizAnalyticsPlugin */,
			);
			name = Plugins;
			path = exampleWizAnalytics/Plugins;
			sourceTree = SOURCE_ROOT;
		};
		308D052D1370CCF300D202BF /* icons */ = {
			isa = PBXGroup;
			children = (
				308D052E1370CCF300D202BF /* icon-72.png */,
				308D052F1370CCF300D202BF /* icon.png */,
				308D05301370CCF300D202BF /* icon@2x.png */,
			);
			path = icons;
			sourceTree = "<group>";
		};
		308D05311370CCF300D202BF /* splash */ = {
			isa = PBXGroup;
			children = (
				D4A0D8751607E02300AEF8BB /* Default-568h@2x~iphone.png */,
				3088BBB7154F3926009F9C59 /* Default-Landscape@2x~ipad.png */,
				3088BBB8154F3926009F9C59 /* Default-Landscape~ipad.png */,
				3088BBB9154F3926009F9C59 /* Default-Portrait@2x~ipad.png */,
				3088BBBA154F3926009F9C59 /* Default-Portrait~ipad.png */,
				3088BBBB154F3926009F9C59 /* Default@2x~iphone.png */,
				3088BBBC154F3926009F9C59 /* Default~iphone.png */,
			);
			path = splash;
			sourceTree = "<group>";
		};
		30A0434214DC770100060A13 /* de.lproj */ = {
			isa = PBXGroup;
			children = (
				30A0434314DC770100060A13 /* Localizable.strings */,
			);
			path = de.lproj;
			sourceTree = "<group>";
		};
		30A0434514DC770100060A13 /* se.lproj */ = {
			isa = PBXGroup;
			children = (
				30A0434614DC770100060A13 /* Localizable.strings */,
			);
			path = se.lproj;
			sourceTree = "<group>";
		};
		F6C7C17016AF9060009965DE /* WizAnalyticsPlugin */ = {
			isa = PBXGroup;
			children = (
				F6C7C17116AF9060009965DE /* vendor */,
				F6C7C1DC16AF9061009965DE /* WizAnalytics.h */,
				F6C7C1DD16AF9061009965DE /* WizAnalytics.m */,
				F6C7C1DE16AF9061009965DE /* WizAnalyticsPlugin.h */,
				F6C7C1DF16AF9061009965DE /* WizAnalyticsPlugin.m */,
				F6C7C1E016AF9061009965DE /* WizAnalyticsVendorModule.h */,
				F6C7C1E116AF9061009965DE /* WizDebugLog.h */,
			);
			name = WizAnalyticsPlugin;
			path = ../../../../ios/project/Plugins/WizAnalyticsPlugin;
			sourceTree = "<group>";
		};
		F6C7C17116AF9060009965DE /* vendor */ = {
			isa = PBXGroup;
			children = (
				F6C7C17216AF9060009965DE /* Chartboost */,
				F6C7C17716AF9060009965DE /* Flurry iPhone SDK v3.0.9 */,
				F6C7C17A16AF9060009965DE /* GoogleAdMobAdsSDK */,
				F6C7C19716AF9060009965DE /* InMobiAdTracker_iOS_SDK_i251 */,
				F6C7C1A416AF9060009965DE /* InMobiAdTracker_iOS_SDK_v1.0.1 */,
				F6C7C1A716AF9060009965DE /* JumpTapAppReport */,
				F6C7C1AA16AF9060009965DE /* Kontagent */,
				F6C7C1AC16AF9060009965DE /* Localytics-iOS-client-2.6.source */,
				F6C7C1B616AF9061009965DE /* MilleniumMedia_AppleSDK */,
				F6C7C1BD16AF9061009965DE /* ModuleAdfonic.h */,
				F6C7C1BE16AF9061009965DE /* ModuleAdfonic.m */,
				F6C7C1BF16AF9061009965DE /* ModuleAdmob.h */,
				F6C7C1C016AF9061009965DE /* ModuleAdmob.m */,
				F6C7C1C116AF9061009965DE /* ModuleChartboost.h */,
				F6C7C1C216AF9061009965DE /* ModuleChartboost.m */,
				F6C7C1C316AF9061009965DE /* ModuleInMobi.h */,
				F6C7C1C416AF9061009965DE /* ModuleInMobi.m */,
				F6C7C1C516AF9061009965DE /* ModuleJumpTap.h */,
				F6C7C1C616AF9061009965DE /* ModuleJumpTap.m */,
				F6C7C1C716AF9061009965DE /* ModuleKontagent.h */,
				F6C7C1C816AF9061009965DE /* ModuleKontagent.m */,
				F6C7C1C916AF9061009965DE /* ModuleLeadbolt.h */,
				F6C7C1CA16AF9061009965DE /* ModuleLeadbolt.m */,
				F6C7C1CB16AF9061009965DE /* ModuleLocalytics.h */,
				F6C7C1CC16AF9061009965DE /* ModuleLocalytics.m */,
				F6C7C1CD16AF9061009965DE /* ModuleMdotM.h */,
				F6C7C1CE16AF9061009965DE /* ModuleMdotM.m */,
				F6C7C1CF16AF9061009965DE /* ModuleMillenium.h */,
				F6C7C1D016AF9061009965DE /* ModuleMillenium.m */,
				F6C7C1D116AF9061009965DE /* ModuleSmaato.h */,
				F6C7C1D216AF9061009965DE /* ModuleSmaato.m */,
				F6C7C1D316AF9061009965DE /* smaato_SDK */,
			);
			path = vendor;
			sourceTree = "<group>";
		};
		F6C7C17216AF9060009965DE /* Chartboost */ = {
			isa = PBXGroup;
			children = (
				F6C7C17316AF9060009965DE /* CBAnalytics.h */,
				F6C7C17416AF9060009965DE /* Chartboost.h */,
				F6C7C17516AF9060009965DE /* libChartboost.a */,
				F6C7C17616AF9060009965DE /* README.md */,
			);
			path = Chartboost;
			sourceTree = "<group>";
		};
		F6C7C17716AF9060009965DE /* Flurry iPhone SDK v3.0.9 */ = {
			isa = PBXGroup;
			children = (
				F6C7C17816AF9060009965DE /* FlurryAnalytics */,
				F6C7C17916AF9060009965DE /* FlurryAppCircle */,
			);
			path = "Flurry iPhone SDK v3.0.9";
			sourceTree = "<group>";
		};
		F6C7C17816AF9060009965DE /* FlurryAnalytics */ = {
			isa = PBXGroup;
			children = (
			);
			path = FlurryAnalytics;
			sourceTree = "<group>";
		};
		F6C7C17916AF9060009965DE /* FlurryAppCircle */ = {
			isa = PBXGroup;
			children = (
			);
			path = FlurryAppCircle;
			sourceTree = "<group>";
		};
		F6C7C17A16AF9060009965DE /* GoogleAdMobAdsSDK */ = {
			isa = PBXGroup;
			children = (
				F6C7C17B16AF9060009965DE /* Add-ons */,
				F6C7C18C16AF9060009965DE /* GADAdMobExtras.h */,
				F6C7C18D16AF9060009965DE /* GADAdNetworkExtras.h */,
				F6C7C18E16AF9060009965DE /* GADAdSize.h */,
				F6C7C18F16AF9060009965DE /* GADBannerView.h */,
				F6C7C19016AF9060009965DE /* GADBannerViewDelegate.h */,
				F6C7C19116AF9060009965DE /* GADInterstitial.h */,
				F6C7C19216AF9060009965DE /* GADInterstitialDelegate.h */,
				F6C7C19316AF9060009965DE /* GADRequest.h */,
				F6C7C19416AF9060009965DE /* GADRequestError.h */,
				F6C7C19516AF9060009965DE /* libGoogleAdMobAds.a */,
				F6C7C19616AF9060009965DE /* README.txt */,
			);
			path = GoogleAdMobAdsSDK;
			sourceTree = "<group>";
		};
		F6C7C17B16AF9060009965DE /* Add-ons */ = {
			isa = PBXGroup;
			children = (
				F6C7C17C16AF9060009965DE /* DoubleClick */,
				F6C7C18216AF9060009965DE /* Mediation */,
				F6C7C18916AF9060009965DE /* Search */,
			);
			path = "Add-ons";
			sourceTree = "<group>";
		};
		F6C7C17C16AF9060009965DE /* DoubleClick */ = {
			isa = PBXGroup;
			children = (
				F6C7C17D16AF9060009965DE /* DFPBannerView.h */,
				F6C7C17E16AF9060009965DE /* DFPExtras.h */,
				F6C7C17F16AF9060009965DE /* DFPInterstitial.h */,
				F6C7C18016AF9060009965DE /* GADAdSizeDelegate.h */,
				F6C7C18116AF9060009965DE /* GADAppEventDelegate.h */,
			);
			path = DoubleClick;
			sourceTree = "<group>";
		};
		F6C7C18216AF9060009965DE /* Mediation */ = {
			isa = PBXGroup;
			children = (
				F6C7C18316AF9060009965DE /* GADCustomEventBanner.h */,
				F6C7C18416AF9060009965DE /* GADCustomEventBannerDelegate.h */,
				F6C7C18516AF9060009965DE /* GADCustomEventExtras.h */,
				F6C7C18616AF9060009965DE /* GADCustomEventInterstitial.h */,
				F6C7C18716AF9060009965DE /* GADCustomEventInterstitialDelegate.h */,
				F6C7C18816AF9060009965DE /* GADCustomEventRequest.h */,
			);
			path = Mediation;
			sourceTree = "<group>";
		};
		F6C7C18916AF9060009965DE /* Search */ = {
			isa = PBXGroup;
			children = (
				F6C7C18A16AF9060009965DE /* GADSearchBannerView.h */,
				F6C7C18B16AF9060009965DE /* GADSearchRequest.h */,
			);
			path = Search;
			sourceTree = "<group>";
		};
		F6C7C19716AF9060009965DE /* InMobiAdTracker_iOS_SDK_i251 */ = {
			isa = PBXGroup;
			children = (
				F6C7C19816AF9060009965DE /* ChangeLog.txt */,
				F6C7C19916AF9060009965DE /* Docs */,
				F6C7C19D16AF9060009965DE /* Libs */,
				F6C7C1A216AF9060009965DE /* TestApp */,
			);
			path = InMobiAdTracker_iOS_SDK_i251;
			sourceTree = "<group>";
		};
		F6C7C19916AF9060009965DE /* Docs */ = {
			isa = PBXGroup;
			children = (
				F6C7C19A16AF9060009965DE /* Classes */,
				F6C7C19B16AF9060009965DE /* css */,
				F6C7C19C16AF9060009965DE /* img */,
			);
			path = Docs;
			sourceTree = "<group>";
		};
		F6C7C19A16AF9060009965DE /* Classes */ = {
			isa = PBXGroup;
			children = (
			);
			path = Classes;
			sourceTree = "<group>";
		};
		F6C7C19B16AF9060009965DE /* css */ = {
			isa = PBXGroup;
			children = (
			);
			path = css;
			sourceTree = "<group>";
		};
		F6C7C19C16AF9060009965DE /* img */ = {
			isa = PBXGroup;
			children = (
			);
			path = img;
			sourceTree = "<group>";
		};
		F6C7C19D16AF9060009965DE /* Libs */ = {
			isa = PBXGroup;
			children = (
				F6C7C19E16AF9060009965DE /* IMAdTracker.h */,
				F6C7C19F16AF9060009965DE /* IMCommonUtil.h */,
				F6C7C1A016AF9060009965DE /* libInMobiAdTracker-2.5.1.a */,
				F6C7C1A116AF9060009965DE /* libInMobiCommons-3.6.1.a */,
			);
			path = Libs;
			sourceTree = "<group>";
		};
		F6C7C1A216AF9060009965DE /* TestApp */ = {
			isa = PBXGroup;
			children = (
				F6C7C1A316AF9060009965DE /* TestApp */,
			);
			path = TestApp;
			sourceTree = "<group>";
		};
		F6C7C1A316AF9060009965DE /* TestApp */ = {
			isa = PBXGroup;
			children = (
			);
			path = TestApp;
			sourceTree = "<group>";
		};
		F6C7C1A416AF9060009965DE /* InMobiAdTracker_iOS_SDK_v1.0.1 */ = {
			isa = PBXGroup;
			children = (
				F6C7C1A516AF9060009965DE /* TestApp */,
			);
			path = InMobiAdTracker_iOS_SDK_v1.0.1;
			sourceTree = "<group>";
		};
		F6C7C1A516AF9060009965DE /* TestApp */ = {
			isa = PBXGroup;
			children = (
				F6C7C1A616AF9060009965DE /* TestApp */,
			);
			path = TestApp;
			sourceTree = "<group>";
		};
		F6C7C1A616AF9060009965DE /* TestApp */ = {
			isa = PBXGroup;
			children = (
			);
			path = TestApp;
			sourceTree = "<group>";
		};
		F6C7C1A716AF9060009965DE /* JumpTapAppReport */ = {
			isa = PBXGroup;
			children = (
				F6C7C1A816AF9060009965DE /* JumpTapAppReport.h */,
				F6C7C1A916AF9060009965DE /* JumpTapAppReport.m */,
			);
			path = JumpTapAppReport;
			sourceTree = "<group>";
		};
		F6C7C1AA16AF9060009965DE /* Kontagent */ = {
			isa = PBXGroup;
			children = (
				F6C7C1AB16AF9060009965DE /* Kontagent.framework */,
			);
			path = Kontagent;
			sourceTree = "<group>";
		};
		F6C7C1AC16AF9060009965DE /* Localytics-iOS-client-2.6.source */ = {
			isa = PBXGroup;
			children = (
				F6C7C1AD16AF9061009965DE /* LICENSE */,
				F6C7C1AE16AF9061009965DE /* src */,
			);
			path = "Localytics-iOS-client-2.6.source";
			sourceTree = "<group>";
		};
		F6C7C1AE16AF9061009965DE /* src */ = {
			isa = PBXGroup;
			children = (
				F6C7C1AF16AF9061009965DE /* LocalyticsDatabase.h */,
				F6C7C1B016AF9061009965DE /* LocalyticsDatabase.m */,
				F6C7C1B116AF9061009965DE /* LocalyticsSession.h */,
				F6C7C1B216AF9061009965DE /* LocalyticsSession.m */,
				F6C7C1B316AF9061009965DE /* LocalyticsUploader.h */,
				F6C7C1B416AF9061009965DE /* LocalyticsUploader.m */,
				F6C7C1B516AF9061009965DE /* WebserviceConstants.h */,
			);
			path = src;
			sourceTree = "<group>";
		};
		F6C7C1B616AF9061009965DE /* MilleniumMedia_AppleSDK */ = {
			isa = PBXGroup;
			children = (
				F6C7C1B716AF9061009965DE /* Changelog */,
				F6C7C1B816AF9061009965DE /* LICENSE.txt */,
				F6C7C1B916AF9061009965DE /* MMAdvertiser */,
				F6C7C1BC16AF9061009965DE /* README */,
			);
			path = MilleniumMedia_AppleSDK;
			sourceTree = "<group>";
		};
		F6C7C1B916AF9061009965DE /* MMAdvertiser */ = {
			isa = PBXGroup;
			children = (
				F6C7C1BA16AF9061009965DE /* libMMAdvertiser_4.6.1.a */,
				F6C7C1BB16AF9061009965DE /* MMAdvertiser.h */,
			);
			path = MMAdvertiser;
			sourceTree = "<group>";
		};
		F6C7C1D316AF9061009965DE /* smaato_SDK */ = {
			isa = PBXGroup;
			children = (
				F6C7C1D416AF9061009965DE /* android_tracking.java */,
				F6C7C1D516AF9061009965DE /* ODIN.h */,
				F6C7C1D616AF9061009965DE /* ODIN.m */,
				F6C7C1D716AF9061009965DE /* OpenUDID.h */,
				F6C7C1D816AF9061009965DE /* OpenUDID.m */,
				F6C7C1D916AF9061009965DE /* Smaato CPD Tracking v1.4.1.pdf */,
				F6C7C1DA16AF9061009965DE /* SOMADownloadTrack.h */,
				F6C7C1DB16AF9061009965DE /* SOMADownloadTrack.m */,
			);
			path = smaato_SDK;
			sourceTree = "<group>";
		};
/* End PBXGroup section */

/* Begin PBXNativeTarget section */
		1D6058900D05DD3D006BFB54 /* exampleWizAnalytics */ = {
			isa = PBXNativeTarget;
			buildConfigurationList = 1D6058960D05DD3E006BFB54 /* Build configuration list for PBXNativeTarget "exampleWizAnalytics" */;
			buildPhases = (
				304B58A110DAC018002A0835 /* Touch www folder */,
				1D60588D0D05DD3D006BFB54 /* Resources */,
				1D60588E0D05DD3D006BFB54 /* Sources */,
				1D60588F0D05DD3D006BFB54 /* Frameworks */,
			);
			buildRules = (
			);
			dependencies = (
				301BF551109A68C00062928A /* PBXTargetDependency */,
			);
			name = exampleWizAnalytics;
			productName = exampleWizAnalytics;
			productReference = 1D6058910D05DD3D006BFB54 /* exampleWizAnalytics.app */;
			productType = "com.apple.product-type.application";
		};
/* End PBXNativeTarget section */

/* Begin PBXProject section */
		29B97313FDCFA39411CA2CEA /* Project object */ = {
			isa = PBXProject;
			attributes = {
				LastUpgradeCheck = 0430;
			};
			buildConfigurationList = C01FCF4E08A954540054247B /* Build configuration list for PBXProject "exampleWizAnalytics" */;
			compatibilityVersion = "Xcode 3.2";
			developmentRegion = English;
			hasScannedForEncodings = 1;
			knownRegions = (
				English,
				Japanese,
				French,
				German,
				en,
				es,
				de,
				se,
			);
			mainGroup = 29B97314FDCFA39411CA2CEA /* CustomTemplate */;
			projectDirPath = "";
			projectReferences = (
				{
					ProductGroup = 301BF52E109A57CC0062928A /* Products */;
					ProjectRef = 301BF52D109A57CC0062928A /* CordovaLib.xcodeproj */;
				},
			);
			projectRoot = "";
			targets = (
				1D6058900D05DD3D006BFB54 /* exampleWizAnalytics */,
			);
		};
/* End PBXProject section */

/* Begin PBXReferenceProxy section */
		301BF535109A57CC0062928A /* libCordova.a */ = {
			isa = PBXReferenceProxy;
			fileType = archive.ar;
			path = libCordova.a;
			remoteRef = 301BF534109A57CC0062928A /* PBXContainerItemProxy */;
			sourceTree = BUILT_PRODUCTS_DIR;
		};
/* End PBXReferenceProxy section */

/* Begin PBXResourcesBuildPhase section */
		1D60588D0D05DD3D006BFB54 /* Resources */ = {
			isa = PBXResourcesBuildPhase;
			buildActionMask = 2147483647;
			files = (
				F840E1F1165FE0F500CFE078 /* config.xml in Resources */,
				308D05371370CCF300D202BF /* icon-72.png in Resources */,
				308D05381370CCF300D202BF /* icon.png in Resources */,
				308D05391370CCF300D202BF /* icon@2x.png in Resources */,
				3072F99713A8081B00425683 /* Capture.bundle in Resources */,
				1F766FE113BBADB100FB74C0 /* Localizable.strings in Resources */,
				1F766FE213BBADB100FB74C0 /* Localizable.strings in Resources */,
				302D95F214D2391D003F00A1 /* MainViewController.xib in Resources */,
				30A0434814DC770100060A13 /* Localizable.strings in Resources */,
				30A0434914DC770100060A13 /* Localizable.strings in Resources */,
				3088BBBD154F3926009F9C59 /* Default-Landscape@2x~ipad.png in Resources */,
				3088BBBE154F3926009F9C59 /* Default-Landscape~ipad.png in Resources */,
				3088BBBF154F3926009F9C59 /* Default-Portrait@2x~ipad.png in Resources */,
				3088BBC0154F3926009F9C59 /* Default-Portrait~ipad.png in Resources */,
				3088BBC1154F3926009F9C59 /* Default@2x~iphone.png in Resources */,
				3088BBC2154F3926009F9C59 /* Default~iphone.png in Resources */,
				D4A0D8761607E02300AEF8BB /* Default-568h@2x~iphone.png in Resources */,
				F6C7C16616AF8E3A009965DE /* www in Resources */,
				F6C7C1E316AF9061009965DE /* README.md in Resources */,
				F6C7C1E516AF9061009965DE /* README.txt in Resources */,
				F6C7C1E616AF9061009965DE /* ChangeLog.txt in Resources */,
				F6C7C1EB16AF9061009965DE /* LICENSE in Resources */,
				F6C7C1EF16AF9061009965DE /* Changelog in Resources */,
				F6C7C1F016AF9061009965DE /* LICENSE.txt in Resources */,
				F6C7C1F216AF9061009965DE /* README in Resources */,
				F6C7C20116AF9061009965DE /* Smaato CPD Tracking v1.4.1.pdf in Resources */,
			);
			runOnlyForDeploymentPostprocessing = 0;
		};
/* End PBXResourcesBuildPhase section */

/* Begin PBXShellScriptBuildPhase section */
		304B58A110DAC018002A0835 /* Touch www folder */ = {
			isa = PBXShellScriptBuildPhase;
			buildActionMask = 2147483647;
			files = (
			);
			inputPaths = (
			);
			name = "Touch www folder";
			outputPaths = (
			);
			runOnlyForDeploymentPostprocessing = 0;
			shellPath = /bin/sh;
			shellScript = "touch -cm ${PROJECT_DIR}/www";
		};
/* End PBXShellScriptBuildPhase section */

/* Begin PBXSourcesBuildPhase section */
		1D60588E0D05DD3D006BFB54 /* Sources */ = {
			isa = PBXSourcesBuildPhase;
			buildActionMask = 2147483647;
			files = (
				1D60589B0D05DD56006BFB54 /* main.m in Sources */,
				1D3623260D0F684500981E51 /* AppDelegate.m in Sources */,
				302D95F114D2391D003F00A1 /* MainViewController.m in Sources */,
				F6C7C1E916AF9061009965DE /* JumpTapAppReport.m in Sources */,
				F6C7C1EC16AF9061009965DE /* LocalyticsDatabase.m in Sources */,
				F6C7C1ED16AF9061009965DE /* LocalyticsSession.m in Sources */,
				F6C7C1EE16AF9061009965DE /* LocalyticsUploader.m in Sources */,
				F6C7C1F316AF9061009965DE /* ModuleAdfonic.m in Sources */,
				F6C7C1F416AF9061009965DE /* ModuleAdmob.m in Sources */,
				F6C7C1F516AF9061009965DE /* ModuleChartboost.m in Sources */,
				F6C7C1F616AF9061009965DE /* ModuleInMobi.m in Sources */,
				F6C7C1F716AF9061009965DE /* ModuleJumpTap.m in Sources */,
				F6C7C1F816AF9061009965DE /* ModuleKontagent.m in Sources */,
				F6C7C1F916AF9061009965DE /* ModuleLeadbolt.m in Sources */,
				F6C7C1FA16AF9061009965DE /* ModuleLocalytics.m in Sources */,
				F6C7C1FB16AF9061009965DE /* ModuleMdotM.m in Sources */,
				F6C7C1FC16AF9061009965DE /* ModuleMillenium.m in Sources */,
				F6C7C1FD16AF9061009965DE /* ModuleSmaato.m in Sources */,
				F6C7C1FF16AF9061009965DE /* ODIN.m in Sources */,
				F6C7C20016AF9061009965DE /* OpenUDID.m in Sources */,
				F6C7C20216AF9061009965DE /* SOMADownloadTrack.m in Sources */,
				F6C7C20316AF9061009965DE /* WizAnalytics.m in Sources */,
				F6C7C20416AF9061009965DE /* WizAnalyticsPlugin.m in Sources */,
			);
			runOnlyForDeploymentPostprocessing = 0;
		};
/* End PBXSourcesBuildPhase section */

/* Begin PBXTargetDependency section */
		301BF551109A68C00062928A /* PBXTargetDependency */ = {
			isa = PBXTargetDependency;
			name = CordovaLib;
			targetProxy = 301BF550109A68C00062928A /* PBXContainerItemProxy */;
		};
/* End PBXTargetDependency section */

/* Begin PBXVariantGroup section */
		1F766FDC13BBADB100FB74C0 /* Localizable.strings */ = {
			isa = PBXVariantGroup;
			children = (
				1F766FDD13BBADB100FB74C0 /* en */,
			);
			name = Localizable.strings;
			sourceTree = "<group>";
		};
		1F766FDF13BBADB100FB74C0 /* Localizable.strings */ = {
			isa = PBXVariantGroup;
			children = (
				1F766FE013BBADB100FB74C0 /* es */,
			);
			name = Localizable.strings;
			sourceTree = "<group>";
		};
		30A0434314DC770100060A13 /* Localizable.strings */ = {
			isa = PBXVariantGroup;
			children = (
				30A0434414DC770100060A13 /* de */,
			);
			name = Localizable.strings;
			sourceTree = "<group>";
		};
		30A0434614DC770100060A13 /* Localizable.strings */ = {
			isa = PBXVariantGroup;
			children = (
				30A0434714DC770100060A13 /* se */,
			);
			name = Localizable.strings;
			sourceTree = "<group>";
		};
/* End PBXVariantGroup section */

/* Begin XCBuildConfiguration section */
		1D6058940D05DD3E006BFB54 /* Debug */ = {
			isa = XCBuildConfiguration;
			buildSettings = {
				ALWAYS_SEARCH_USER_PATHS = NO;
				CLANG_ENABLE_OBJC_ARC = NO;
				CLANG_WARN_OBJCPP_ARC_ABI = YES;
				COPY_PHASE_STRIP = NO;
				FRAMEWORK_SEARCH_PATHS = (
					"$(inherited)",
					"\"$(SRCROOT)/../../ios/project/Plugins/WizAnalyticsPlugin/vendor/Kontagent\"",
				);
				GCC_DYNAMIC_NO_PIC = NO;
				GCC_OPTIMIZATION_LEVEL = 0;
				GCC_PRECOMPILE_PREFIX_HEADER = YES;
				GCC_PREFIX_HEADER = "exampleWizAnalytics/exampleWizAnalytics-Prefix.pch";
				GCC_THUMB_SUPPORT = NO;
				GCC_VERSION = com.apple.compilers.llvm.clang.1_0;
				INFOPLIST_FILE = "exampleWizAnalytics/exampleWizAnalytics-Info.plist";
				IPHONEOS_DEPLOYMENT_TARGET = 5.0;
				LIBRARY_SEARCH_PATHS = (
					"$(inherited)",
					"\"$(SRCROOT)/../../ios/project/Plugins/WizAnalyticsPlugin/vendor/Chartboost\"",
					"\"$(SRCROOT)/../../ios/project/Plugins/WizAnalyticsPlugin/vendor/GoogleAdMobAdsSDK\"",
					"\"$(SRCROOT)/../../ios/project/Plugins/WizAnalyticsPlugin/vendor/InMobiAdTracker_iOS_SDK_i251/Libs\"",
					"\"$(SRCROOT)/../../ios/project/Plugins/WizAnalyticsPlugin/vendor/MilleniumMedia_AppleSDK/MMAdvertiser\"",
				);
				PRODUCT_NAME = exampleWizAnalytics;
				TARGETED_DEVICE_FAMILY = "1,2";
			};
			name = Debug;
		};
		1D6058950D05DD3E006BFB54 /* Release */ = {
			isa = XCBuildConfiguration;
			buildSettings = {
				ALWAYS_SEARCH_USER_PATHS = NO;
				CLANG_ENABLE_OBJC_ARC = NO;
				CLANG_WARN_OBJCPP_ARC_ABI = YES;
				COPY_PHASE_STRIP = YES;
				FRAMEWORK_SEARCH_PATHS = (
					"$(inherited)",
					"\"$(SRCROOT)/../../ios/project/Plugins/WizAnalyticsPlugin/vendor/Kontagent\"",
				);
				GCC_PRECOMPILE_PREFIX_HEADER = YES;
				GCC_PREFIX_HEADER = "exampleWizAnalytics/exampleWizAnalytics-Prefix.pch";
				GCC_THUMB_SUPPORT = NO;
				GCC_VERSION = com.apple.compilers.llvm.clang.1_0;
				INFOPLIST_FILE = "exampleWizAnalytics/exampleWizAnalytics-Info.plist";
				IPHONEOS_DEPLOYMENT_TARGET = 5.0;
				LIBRARY_SEARCH_PATHS = (
					"$(inherited)",
					"\"$(SRCROOT)/../../ios/project/Plugins/WizAnalyticsPlugin/vendor/Chartboost\"",
					"\"$(SRCROOT)/../../ios/project/Plugins/WizAnalyticsPlugin/vendor/GoogleAdMobAdsSDK\"",
					"\"$(SRCROOT)/../../ios/project/Plugins/WizAnalyticsPlugin/vendor/InMobiAdTracker_iOS_SDK_i251/Libs\"",
					"\"$(SRCROOT)/../../ios/project/Plugins/WizAnalyticsPlugin/vendor/MilleniumMedia_AppleSDK/MMAdvertiser\"",
				);
				PRODUCT_NAME = exampleWizAnalytics;
				TARGETED_DEVICE_FAMILY = "1,2";
			};
			name = Release;
		};
		C01FCF4F08A954540054247B /* Debug */ = {
			isa = XCBuildConfiguration;
			buildSettings = {
				ARCHS = "$(ARCHS_STANDARD_32_BIT)";
				"CODE_SIGN_IDENTITY[sdk=iphoneos*]" = "iPhone Developer";
				GCC_C_LANGUAGE_STANDARD = c99;
				GCC_THUMB_SUPPORT = NO;
				GCC_VERSION = com.apple.compilers.llvm.clang.1_0;
				GCC_WARN_ABOUT_RETURN_TYPE = YES;
				GCC_WARN_UNUSED_VARIABLE = YES;
				HEADER_SEARCH_PATHS = (
					"\"$(TARGET_BUILD_DIR)/usr/local/lib/include\"",
					"\"$(OBJROOT)/UninstalledProducts/include\"",
					"\"$(BUILT_PRODUCTS_DIR)\"",
				);
				IPHONEOS_DEPLOYMENT_TARGET = 5.0;
				OTHER_LDFLAGS = (
					"-weak_framework",
					CoreFoundation,
					"-weak_framework",
					UIKit,
					"-weak_framework",
					AVFoundation,
					"-weak_framework",
					CoreMedia,
					"-weak-lSystem",
					"-all_load",
					"-Obj-C",
				);
				SDKROOT = iphoneos;
				SKIP_INSTALL = NO;
				USER_HEADER_SEARCH_PATHS = "";
			};
			name = Debug;
		};
		C01FCF5008A954540054247B /* Release */ = {
			isa = XCBuildConfiguration;
			buildSettings = {
				ARCHS = "$(ARCHS_STANDARD_32_BIT)";
				"CODE_SIGN_IDENTITY[sdk=iphoneos*]" = "iPhone Developer";
				GCC_C_LANGUAGE_STANDARD = c99;
				GCC_THUMB_SUPPORT = NO;
				GCC_VERSION = com.apple.compilers.llvm.clang.1_0;
				GCC_WARN_ABOUT_RETURN_TYPE = YES;
				GCC_WARN_UNUSED_VARIABLE = YES;
				HEADER_SEARCH_PATHS = (
					"\"$(TARGET_BUILD_DIR)/usr/local/lib/include\"",
					"\"$(OBJROOT)/UninstalledProducts/include\"",
					"\"$(BUILT_PRODUCTS_DIR)\"",
				);
				IPHONEOS_DEPLOYMENT_TARGET = 5.0;
				OTHER_LDFLAGS = (
					"-weak_framework",
					CoreFoundation,
					"-weak_framework",
					UIKit,
					"-weak_framework",
					AVFoundation,
					"-weak_framework",
					CoreMedia,
					"-weak-lSystem",
					"-all_load",
					"-Obj-C",
				);
				SDKROOT = iphoneos;
				SKIP_INSTALL = NO;
				USER_HEADER_SEARCH_PATHS = "";
			};
			name = Release;
		};
/* End XCBuildConfiguration section */

/* Begin XCConfigurationList section */
		1D6058960D05DD3E006BFB54 /* Build configuration list for PBXNativeTarget "exampleWizAnalytics" */ = {
			isa = XCConfigurationList;
			buildConfigurations = (
				1D6058940D05DD3E006BFB54 /* Debug */,
				1D6058950D05DD3E006BFB54 /* Release */,
			);
			defaultConfigurationIsVisible = 0;
			defaultConfigurationName = Release;
		};
		C01FCF4E08A954540054247B /* Build configuration list for PBXProject "exampleWizAnalytics" */ = {
			isa = XCConfigurationList;
			buildConfigurations = (
				C01FCF4F08A954540054247B /* Debug */,
				C01FCF5008A954540054247B /* Release */,
			);
			defaultConfigurationIsVisible = 0;
			defaultConfigurationName = Release;
		};
/* End XCConfigurationList section */
	};
	rootObject = 29B97313FDCFA39411CA2CEA /* Project object */;
}
